
Microsoft Visual Studio Solution File, Format Version 12.00
# Visual Studio Version 17
VisualStudioVersion = 17.5.33530.505
MinimumVisualStudioVersion = 10.0.40219.1
Project("{FAE04EC0-301F-11D3-BF4B-00C04F79EFBC}") = "C#Pro HomeTask2", "C#Pro HomeTask2\C#Pro HomeTask2.csproj", "{A4365D11-B98E-4AB4-8408-7C4C7C1AE483}"
EndProject
Global
	GlobalSection(SolutionConfigurationPlatforms) = preSolution
		Debug|Any CPU = Debug|Any CPU
		Release|Any CPU = Release|Any CPU
	EndGlobalSection
	GlobalSection(ProjectConfigurationPlatforms) = postSolution
		{A4365D11-B98E-4AB4-8408-7C4C7C1AE483}.Debug|Any CPU.ActiveCfg = Debug|Any CPU
		{A4365D11-B98E-4AB4-8408-7C4C7C1AE483}.Debug|Any CPU.Build.0 = Debug|Any CPU
		{A4365D11-B98E-4AB4-8408-7C4C7C1AE483}.Release|Any CPU.ActiveCfg = Release|Any CPU
		{A4365D11-B98E-4AB4-8408-7C4C7C1AE483}.Release|Any CPU.Build.0 = Release|Any CPU
	EndGlobalSection
	GlobalSection(SolutionProperties) = preSolution
		HideSolutionNode = FALSE
	EndGlobalSection
	GlobalSection(ExtensibilityGlobals) = postSolution
		SolutionGuid = {415E91F4-6B3A-4961-B249-6AD776DEC9F1}
	EndGlobalSection
EndGlobal
